
Microsoft Visual Studio Solution File, Format Version 12.00
# Visual Studio Version 16
VisualStudioVersion = 16.0.31613.86
MinimumVisualStudioVersion = 10.0.40219.1
Project("{FAE04EC0-301F-11D3-BF4B-00C04F79EFBC}") = "01 Web", "01 Web\01 Web.csproj", "{86ED73DD-4A78-43C6-A2DA-EE3E90086987}"
EndProject
Project("{9A19103F-16F7-4668-BE54-9A1E7A4F7556}") = "02 Orders", "02 Orders\02 Orders.csproj", "{394BA3AA-10B0-4E92-99F9-CF20189D8515}"
EndProject
Project("{9A19103F-16F7-4668-BE54-9A1E7A4F7556}") = "02 Orders.Tests", "02 Orders.Tests\02 Orders.Tests.csproj", "{93E7579F-A810-4709-BE95-BC4740B73988}"
EndProject
Project("{9A19103F-16F7-4668-BE54-9A1E7A4F7556}") = "03 Shipping", "03 Shipping\03 Shipping.csproj", "{872B4822-7109-4F8E-9DCC-99665F9DA7BE}"
EndProject
Project("{9A19103F-16F7-4668-BE54-9A1E7A4F7556}") = "03 Shipping.Tests", "03 Shipping.Tests\03 Shipping.Tests.csproj", "{1A396DB0-3EEC-430C-A605-CBDD4143A127}"
EndProject
Global
	GlobalSection(SolutionConfigurationPlatforms) = preSolution
		Debug|Any CPU = Debug|Any CPU
		Release|Any CPU = Release|Any CPU
	EndGlobalSection
	GlobalSection(ProjectConfigurationPlatforms) = postSolution
		{86ED73DD-4A78-43C6-A2DA-EE3E90086987}.Debug|Any CPU.ActiveCfg = Debug|Any CPU
		{86ED73DD-4A78-43C6-A2DA-EE3E90086987}.Debug|Any CPU.Build.0 = Debug|Any CPU
		{86ED73DD-4A78-43C6-A2DA-EE3E90086987}.Release|Any CPU.ActiveCfg = Release|Any CPU
		{86ED73DD-4A78-43C6-A2DA-EE3E90086987}.Release|Any CPU.Build.0 = Release|Any CPU
		{394BA3AA-10B0-4E92-99F9-CF20189D8515}.Debug|Any CPU.ActiveCfg = Debug|Any CPU
		{394BA3AA-10B0-4E92-99F9-CF20189D8515}.Debug|Any CPU.Build.0 = Debug|Any CPU
		{394BA3AA-10B0-4E92-99F9-CF20189D8515}.Release|Any CPU.ActiveCfg = Release|Any CPU
		{394BA3AA-10B0-4E92-99F9-CF20189D8515}.Release|Any CPU.Build.0 = Release|Any CPU
		{93E7579F-A810-4709-BE95-BC4740B73988}.Debug|Any CPU.ActiveCfg = Debug|Any CPU
		{93E7579F-A810-4709-BE95-BC4740B73988}.Debug|Any CPU.Build.0 = Debug|Any CPU
		{93E7579F-A810-4709-BE95-BC4740B73988}.Release|Any CPU.ActiveCfg = Release|Any CPU
		{93E7579F-A810-4709-BE95-BC4740B73988}.Release|Any CPU.Build.0 = Release|Any CPU
		{872B4822-7109-4F8E-9DCC-99665F9DA7BE}.Debug|Any CPU.ActiveCfg = Debug|Any CPU
		{872B4822-7109-4F8E-9DCC-99665F9DA7BE}.Debug|Any CPU.Build.0 = Debug|Any CPU
		{872B4822-7109-4F8E-9DCC-99665F9DA7BE}.Release|Any CPU.ActiveCfg = Release|Any CPU
		{872B4822-7109-4F8E-9DCC-99665F9DA7BE}.Release|Any CPU.Build.0 = Release|Any CPU
		{1A396DB0-3EEC-430C-A605-CBDD4143A127}.Debug|Any CPU.ActiveCfg = Debug|Any CPU
		{1A396DB0-3EEC-430C-A605-CBDD4143A127}.Debug|Any CPU.Build.0 = Debug|Any CPU
		{1A396DB0-3EEC-430C-A605-CBDD4143A127}.Release|Any CPU.ActiveCfg = Release|Any CPU
		{1A396DB0-3EEC-430C-A605-CBDD4143A127}.Release|Any CPU.Build.0 = Release|Any CPU
	EndGlobalSection
	GlobalSection(SolutionProperties) = preSolution
		HideSolutionNode = FALSE
	EndGlobalSection
	GlobalSection(ExtensibilityGlobals) = postSolution
		SolutionGuid = {54493292-CA5A-43A5-B469-98C97D6459F9}
	EndGlobalSection
EndGlobal
